version = 1
revision = 3
requires-python = ">=3.14"

[[package]]
name = "slack-log-handler"
version = "0.1.0"
source = { editable = "." }
dependencies = [
    { name = "slack-sdk" },
]

[package.metadata]
requires-dist = [{ name = "slack-sdk" }]

[[package]]
name = "slack-sdk"
version = "3.44.1"
source = { registry = "https://pypi.org/simple" }
sdist = { url = "https://files.pythonhosted.org/packages/6e/4e/371068dd7281139307e60cd18553b96b9c8c391a4c3040617192713a3cc4/slack_sdk-3.44.1.tar.gz", hash = "sha256:ca19505423789fa2a3189ff486f989f02e49289f008d0a5813df7255b3fb93ea", size = 256661, upload-time = "2026-09-03T14:21:13.879Z" }
wheels = [
    { url = "https://files.pythonhosted.org/packages/ab/fc/67352b742fc6fa520a550581b0284f5757e4e31a32327c2a00276747fd30/slack_sdk-3.44.1-py2.py3-none-any.whl", hash = "sha256:d6f20a0fbe3fecf9cac955c99d686301b48a645b7045472c3a0cdd186d7c42b2", size = 319865, upload-time = "2026-09-03T14:21:12.405Z" },
]
